{
  "lockfileVersion": 1,
  "sources": {
    "knokmki612/skills": {
      "requestedRef": "main",
      "resolvedRef": "deff4dd34f977a5b39679b8768c085a97e570fd2",
      "resolvedAt": "2026-06-09T05:18:06.504Z",
      "skills": {
        "safety-deletion": {
          "integrity": "sha256-0511dbfc0aee3dfdb104cc314e4c59ffff262d928776fe9b4c2025f2726fd3f0"
        }
      }
    },
    "microsoft/playwright-cli": {
      "requestedRef": "main",
      "resolvedRef": "3a1bafc8b4e973c72d0364eb5b427d1ce0aa8317",
      "resolvedAt": "2026-06-09T05:18:07.203Z",
      "skills": {}
    }
  }
}
